{
  "name": "icon-sets",
  "lockfileVersion": 3,
  "requires": true,
  "packages": {
    "": {
      "devDependencies": {
        "@iconify/json": "2.2.499",
        "@iconify/utils": "3.1.4",
        "@msgpack/msgpack": "3.1.3",
        "change-case": "5.4.4",
        "es-toolkit": "1.49.0",
        "fast-sort": "3.4.1",
        "has-values": "2.0.1",
        "map-obj": "6.0.0",
        "spdx-license-list": "6.11.0"
      }
    },
    "node_modules/@antfu/install-pkg": {
      "version": "1.1.0",
      "resolved": "https://registry.npmjs.org/@antfu/install-pkg/-/install-pkg-1.1.0.tgz",
      "integrity": "sha512-MGQsmw10ZyI+EJo45CdSER4zEb+p31LpDAFp2Z3gkSd1yqVZGi0Ebx++YTEMonJy4oChEMLsxZ64j8FH6sSqtQ==",
      "dev": true,
      "license": "MIT",
      "dependencies": {
        "package-manager-detector": "^1.3.0",
        "tinyexec": "^1.0.1"
      },
      "funding": {
        "url": "https://github.com/sponsors/antfu"
      }
    },
    "node_modules/@iconify/json": {
      "version": "2.2.499",
      "resolved": "https://registry.npmjs.org/@iconify/json/-/json-2.2.499.tgz",
      "integrity": "sha512-O7iaQsaJlu2XN8R0kHUjEPFr8M+fk08o6gV3vwxq1sgkA2UU0OlwDU+n/CzYHPBe7Fh+Gmxvtd9mp//fz/9m/g==",
      "dev": true,
      "license": "MIT",
      "dependencies": {
        "@iconify/types": "*",
        "pathe": "^2.0.3"
      }
    },
    "node_modules/@iconify/types": {
      "version": "2.0.0",
      "resolved": "https://registry.npmjs.org/@iconify/types/-/types-2.0.0.tgz",
      "integrity": "sha512-+wluvCrRhXrhyOmRDJ3q8mux9JkKy5SJ/v8ol2tu4FVjyYvtEzkc/3pK15ET6RKg4b4w4BmTk1+gsCUhf21Ykg==",
      "dev": true,
      "license": "MIT"
    },
    "node_modules/@iconify/utils": {
      "version": "3.1.4",
      "resolved": "https://registry.npmjs.org/@iconify/utils/-/utils-3.1.4.tgz",
      "integrity": "sha512-b1S7B1k9ohZ+iNTi2ATxbRYG9fTrJmUT0rc46bvVnNxqNRGW7dyo/vRREwyniI5IRN2RSJHDcm+s3BjWrSAjHw==",
      "dev": true,
      "license": "MIT",
      "dependencies": {
        "@antfu/install-pkg": "^1.1.0",
        "@iconify/types": "^2.0.0",
        "import-meta-resolve": "^4.2.0"
      }
    },
    "node_modules/@msgpack/msgpack": {
      "version": "3.1.3",
      "resolved": "https://registry.npmjs.org/@msgpack/msgpack/-/msgpack-3.1.3.tgz",
      "integrity": "sha512-47XIizs9XZXvuJgoaJUIE2lFoID8ugvc0jzSHP+Ptfk8nTbnR8g788wv48N03Kx0UkAv559HWRQ3yzOgzlRNUA==",
      "dev": true,
      "license": "ISC",
      "engines": {
        "node": ">= 18"
      }
    },
    "node_modules/change-case": {
      "version": "5.4.4",
      "resolved": "https://registry.npmjs.org/change-case/-/change-case-5.4.4.tgz",
      "integrity": "sha512-HRQyTk2/YPEkt9TnUPbOpr64Uw3KOicFWPVBb+xiHvd6eBx/qPr9xqfBFDT8P2vWsvvz4jbEkfDe71W3VyNu2w==",
      "dev": true,
      "license": "MIT"
    },
    "node_modules/es-toolkit": {
      "version": "1.49.0",
      "resolved": "https://registry.npmjs.org/es-toolkit/-/es-toolkit-1.49.0.tgz",
      "integrity": "sha512-G5iZ6Pc/FNRY/soKZHC+TxGDD83rHUDXxzaWhGCX44vAv/tMs56WMusnm/KMNK+luUPsgA9U28cGr4RDlSzL2g==",
      "dev": true,
      "license": "MIT",
      "workspaces": [
        "docs",
        "benchmarks"
      ]
    },
    "node_modules/fast-sort": {
      "version": "3.4.1",
      "resolved": "https://registry.npmjs.org/fast-sort/-/fast-sort-3.4.1.tgz",
      "integrity": "sha512-76uvGPsF6So53sZAqenP9UVT3p5l7cyTHkLWVCMinh41Y8NDrK1IYXJgaBMfc1gk7nJiSRZp676kddFG2Aa5+A==",
      "dev": true,
      "license": "MIT"
    },
    "node_modules/has-values": {
      "version": "2.0.1",
      "resolved": "https://registry.npmjs.org/has-values/-/has-values-2.0.1.tgz",
      "integrity": "sha512-+QdH3jOmq9P8GfdjFg0eJudqx1FqU62NQJ4P16rOEHeRdl7ckgwn6uqQjzYE0ZoHVV/e5E2esuJ5Gl5+HUW19w==",
      "dev": true,
      "license": "MIT",
      "dependencies": {
        "kind-of": "^6.0.2"
      },
      "engines": {
        "node": ">=6"
      }
    },
    "node_modules/import-meta-resolve": {
      "version": "4.2.0",
      "resolved": "https://registry.npmjs.org/import-meta-resolve/-/import-meta-resolve-4.2.0.tgz",
      "integrity": "sha512-Iqv2fzaTQN28s/FwZAoFq0ZSs/7hMAHJVX+w8PZl3cY19Pxk6jFFalxQoIfW2826i/fDLXv8IiEZRIT0lDuWcg==",
      "dev": true,
      "license": "MIT",
      "funding": {
        "type": "github",
        "url": "https://github.com/sponsors/wooorm"
      }
    },
    "node_modules/kind-of": {
      "version": "6.0.3",
      "resolved": "https://registry.npmjs.org/kind-of/-/kind-of-6.0.3.tgz",
      "integrity": "sha512-dcS1ul+9tmeD95T+x28/ehLgd9mENa3LsvDTtzm3vyBEO7RPptvAD+t44WVXaUjTBRcrpFeFlC8WCruUR456hw==",
      "dev": true,
      "license": "MIT",
      "engines": {
        "node": ">=0.10.0"
      }
    },
    "node_modules/map-obj": {
      "version": "6.0.0",
      "resolved": "https://registry.npmjs.org/map-obj/-/map-obj-6.0.0.tgz",
      "integrity": "sha512-PwDvwt/tK70+luLw5k9ySLtzLAzwf7tZTY9GBj63Y010nHRPjwHcQTpTd5JwQqITC2ty7prtxBo71iwyYY0TAg==",
      "dev": true,
      "license": "MIT",
      "engines": {
        "node": ">=20"
      },
      "funding": {
        "url": "https://github.com/sponsors/sindresorhus"
      }
    },
    "node_modules/package-manager-detector": {
      "version": "1.7.0",
      "resolved": "https://registry.npmjs.org/package-manager-detector/-/package-manager-detector-1.7.0.tgz",
      "integrity": "sha512-xg1eHpwYL/D/HEdWw2goFZP6vV0FH7W+PZ5rFkGjdIDLtxq7EkzBUeT3m+lndYCt8wKbmofUu1MUdMCXkCk9ZQ==",
      "dev": true,
      "license": "MIT"
    },
    "node_modules/pathe": {
      "version": "2.0.3",
      "resolved": "https://registry.npmjs.org/pathe/-/pathe-2.0.3.tgz",
      "integrity": "sha512-WUjGcAqP1gQacoQe+OBJsFA7Ld4DyXuUIjZ5cc75cLHvJ7dtNsTugphxIADwspS+AraAUePCKrSVtPLFj/F88w==",
      "dev": true,
      "license": "MIT"
    },
    "node_modules/spdx-license-list": {
      "version": "6.11.0",
      "resolved": "https://registry.npmjs.org/spdx-license-list/-/spdx-license-list-6.11.0.tgz",
      "integrity": "sha512-p5ICd51dSnh7zIMtPgbB9ShBg3HMT77OeI6WVhrFFvxa5KIFYNcqxD4joAE+n1zZ7wlJdEkrOMwC75JUMMmsJA==",
      "dev": true,
      "license": "CC0-1.0",
      "engines": {
        "node": ">=8"
      },
      "funding": {
        "url": "https://github.com/sponsors/sindresorhus"
      }
    },
    "node_modules/tinyexec": {
      "version": "1.2.4",
      "resolved": "https://registry.npmjs.org/tinyexec/-/tinyexec-1.2.4.tgz",
      "integrity": "sha512-SHf/r48b7vOrjve9PxJo3MN5v5yuyjHvdUcrQffT3WXMUfnGmHDVbC4k3sHJaJTgZCwpUplIaAo5ANtMyp3YHg==",
      "dev": true,
      "license": "MIT",
      "engines": {
        "node": ">=18"
      }
    }
  }
}
